// !$*UTF8*$!
{
	archiveVersion = 1;
	classes = {
	};
	objectVersion = 50;
	objects = {

/* Begin PBXBuildFile section */
		126AAE37246F4090C3128C94 /* Pods_ProtocolBuffersTests.framework in Frameworks */ = {isa = PBXBuildFile; fileRef = E8A39263F5B401933C6853C9 /* Pods_ProtocolBuffersTests.framework */; };
		32964F6B9CC7125C30C6EC4E /* Pods_ProtocolBuffers.framework in Frameworks */ = {isa = PBXBuildFile; fileRef = 078CD8AB5EFB64134AF3A742 /* Pods_ProtocolBuffers.framework */; };
		615838F12306D7F00038D338 /* AppDelegate.swift in Sources */ = {isa = PBXBuildFile; fileRef = 615838F02306D7F00038D338 /* AppDelegate.swift */; };
		615838F32306D7F00038D338 /* ViewController.swift in Sources */ = {isa = PBXBuildFile; fileRef = 615838F22306D7F00038D338 /* ViewController.swift */; };
		615838F62306D7F00038D338 /* Main.storyboard in Resources */ = {isa = PBXBuildFile; fileRef = 615838F42306D7F00038D338 /* Main.storyboard */; };
		615838F92306D7F00038D338 /* ProtocolBuffers.xcdatamodeld in Sources */ = {isa = PBXBuildFile; fileRef = 615838F72306D7F00038D338 /* ProtocolBuffers.xcdatamodeld */; };
		615838FB2306D7F10038D338 /* Assets.xcassets in Resources */ = {isa = PBXBuildFile; fileRef = 615838FA2306D7F10038D338 /* Assets.xcassets */; };
		615838FE2306D7F10038D338 /* LaunchScreen.storyboard in Resources */ = {isa = PBXBuildFile; fileRef = 615838FC2306D7F10038D338 /* LaunchScreen.storyboard */; };
		615839092306D7F10038D338 /* ProtocolBuffersTests.swift in Sources */ = {isa = PBXBuildFile; fileRef = 615839082306D7F10038D338 /* ProtocolBuffersTests.swift */; };
/* End PBXBuildFile section */

/* Begin PBXContainerItemProxy section */
		615839052306D7F10038D338 /* PBXContainerItemProxy */ = {
			isa = PBXContainerItemProxy;
			containerPortal = 615838E52306D7F00038D338 /* Project object */;
			proxyType = 1;
			remoteGlobalIDString = 615838EC2306D7F00038D338;
			remoteInfo = ProtocolBuffers;
		};
/* End PBXContainerItemProxy section */

/* Begin PBXFileReference section */
		0237690A8CB836D279D41D1A /* Pods-ProtocolBuffers.release.xcconfig */ = {isa = PBXFileReference; includeInIndex = 1; lastKnownFileType = text.xcconfig; name = "Pods-ProtocolBuffers.release.xcconfig"; path = "Target Support Files/Pods-ProtocolBuffers/Pods-ProtocolBuffers.release.xcconfig"; sourceTree = "<group>"; };
		078CD8AB5EFB64134AF3A742 /* Pods_ProtocolBuffers.framework */ = {isa = PBXFileReference; explicitFileType = wrapper.framework; includeInIndex = 0; path = Pods_ProtocolBuffers.framework; sourceTree = BUILT_PRODUCTS_DIR; };
		59584200D625A78328DEB962 /* Pods-ProtocolBuffers.debug.xcconfig */ = {isa = PBXFileReference; includeInIndex = 1; lastKnownFileType = text.xcconfig; name = "Pods-ProtocolBuffers.debug.xcconfig"; path = "Target Support Files/Pods-ProtocolBuffers/Pods-ProtocolBuffers.debug.xcconfig"; sourceTree = "<group>"; };
		615838ED2306D7F00038D338 /* ProtocolBuffers.app */ = {isa = PBXFileReference; explicitFileType = wrapper.application; includeInIndex = 0; path = ProtocolBuffers.app; sourceTree = BUILT_PRODUCTS_DIR; };
		615838F02306D7F00038D338 /* AppDelegate.swift */ = {isa = PBXFileReference; lastKnownFileType = sourcecode.swift; path = AppDelegate.swift; sourceTree = "<group>"; };
		615838F22306D7F00038D338 /* ViewController.swift */ = {isa = PBXFileReference; lastKnownFileType = sourcecode.swift; path = ViewController.swift; sourceTree = "<group>"; };
		615838F52306D7F00038D338 /* Base */ = {isa = PBXFileReference; lastKnownFileType = file.storyboard; name = Base; path = Base.lproj/Main.storyboard; sourceTree = "<group>"; };
		615838F82306D7F00038D338 /* ProtocolBuffers.xcdatamodel */ = {isa = PBXFileReference; lastKnownFileType = wrapper.xcdatamodel; path = ProtocolBuffers.xcdatamodel; sourceTree = "<group>"; };
		615838FA2306D7F10038D338 /* Assets.xcassets */ = {isa = PBXFileReference; lastKnownFileType = folder.assetcatalog; path = Assets.xcassets; sourceTree = "<group>"; };
		615838FD2306D7F10038D338 /* Base */ = {isa = PBXFileReference; lastKnownFileType = file.storyboard; name = Base; path = Base.lproj/LaunchScreen.storyboard; sourceTree = "<group>"; };
		615838FF2306D7F10038D338 /* Info.plist */ = {isa = PBXFileReference; lastKnownFileType = text.plist.xml; path = Info.plist; sourceTree = "<group>"; };
		615839042306D7F10038D338 /* ProtocolBuffersTests.xctest */ = {isa = PBXFileReference; explicitFileType = wrapper.cfbundle; includeInIndex = 0; path = ProtocolBuffersTests.xctest; sourceTree = BUILT_PRODUCTS_DIR; };
		615839082306D7F10038D338 /* ProtocolBuffersTests.swift */ = {isa = PBXFileReference; lastKnownFileType = sourcecode.swift; path = ProtocolBuffersTests.swift; sourceTree = "<group>"; };
		6158390A2306D7F10038D338 /* Info.plist */ = {isa = PBXFileReference; lastKnownFileType = text.plist.xml; path = Info.plist; sourceTree = "<group>"; };
		78636A55B7675698EE5F7672 /* Pods-ProtocolBuffersTests.release.xcconfig */ = {isa = PBXFileReference; includeInIndex = 1; lastKnownFileType = text.xcconfig; name = "Pods-ProtocolBuffersTests.release.xcconfig"; path = "Target Support Files/Pods-ProtocolBuffersTests/Pods-ProtocolBuffersTests.release.xcconfig"; sourceTree = "<group>"; };
		D62A6B7AEC6D568297731BA9 /* Pods-ProtocolBuffersTests.debug.xcconfig */ = {isa = PBXFileReference; includeInIndex = 1; lastKnownFileType = text.xcconfig; name = "Pods-ProtocolBuffersTests.debug.xcconfig"; path = "Target Support Files/Pods-ProtocolBuffersTests/Pods-ProtocolBuffersTests.debug.xcconfig"; sourceTree = "<group>"; };
		E8A39263F5B401933C6853C9 /* Pods_ProtocolBuffersTests.framework */ = {isa = PBXFileReference; explicitFileType = wrapper.framework; includeInIndex = 0; path = Pods_ProtocolBuffersTests.framework; sourceTree = BUILT_PRODUCTS_DIR; };
/* End PBXFileReference section */

/* Begin PBXFrameworksBuildPhase section */
		615838EA2306D7F00038D338 /* Frameworks */ = {
			isa = PBXFrameworksBuildPhase;
			buildActionMask = 2147483647;
			files = (
				32964F6B9CC7125C30C6EC4E /* Pods_ProtocolBuffers.framework in Frameworks */,
			);
			runOnlyForDeploymentPostprocessing = 0;
		};
		615839012306D7F10038D338 /* Frameworks */ = {
			isa = PBXFrameworksBuildPhase;
			buildActionMask = 2147483647;
			files = (
				126AAE37246F4090C3128C94 /* Pods_ProtocolBuffersTests.framework in Frameworks */,
			);
			runOnlyForDeploymentPostprocessing = 0;
		};
/* End PBXFrameworksBuildPhase section */

/* Begin PBXGroup section */
		59C0CAF9951AC9C4D270A770 /* Pods */ = {
			isa = PBXGroup;
			children = (
				59584200D625A78328DEB962 /* Pods-ProtocolBuffers.debug.xcconfig */,
				0237690A8CB836D279D41D1A /* Pods-ProtocolBuffers.release.xcconfig */,
				D62A6B7AEC6D568297731BA9 /* Pods-ProtocolBuffersTests.debug.xcconfig */,
				78636A55B7675698EE5F7672 /* Pods-ProtocolBuffersTests.release.xcconfig */,
			);
			name = Pods;
			path = Pods;
			sourceTree = "<group>";
		};
		615838E42306D7F00038D338 = {
			isa = PBXGroup;
			children = (
				615838EF2306D7F00038D338 /* ProtocolBuffers */,
				615839072306D7F10038D338 /* ProtocolBuffersTests */,
				615838EE2306D7F00038D338 /* Products */,
				59C0CAF9951AC9C4D270A770 /* Pods */,
				C75064A6B6474306DCAC1389 /* Frameworks */,
			);
			sourceTree = "<group>";
		};
		615838EE2306D7F00038D338 /* Products */ = {
			isa = PBXGroup;
			children = (
				615838ED2306D7F00038D338 /* ProtocolBuffers.app */,
				615839042306D7F10038D338 /* ProtocolBuffersTests.xctest */,
			);
			name = Products;
			sourceTree = "<group>";
		};
		615838EF2306D7F00038D338 /* ProtocolBuffers */ = {
			isa = PBXGroup;
			children = (
				615838F02306D7F00038D338 /* AppDelegate.swift */,
				615838F22306D7F00038D338 /* ViewController.swift */,
				615838F42306D7F00038D338 /* Main.storyboard */,
				615838FA2306D7F10038D338 /* Assets.xcassets */,
				615838FC2306D7F10038D338 /* LaunchScreen.storyboard */,
				615838FF2306D7F10038D338 /* Info.plist */,
				615838F72306D7F00038D338 /* ProtocolBuffers.xcdatamodeld */,
			);
			path = ProtocolBuffers;
			sourceTree = "<group>";
		};
		615839072306D7F10038D338 /* ProtocolBuffersTests */ = {
			isa = PBXGroup;
			children = (
				615839082306D7F10038D338 /* ProtocolBuffersTests.swift */,
				6158390A2306D7F10038D338 /* Info.plist */,
			);
			path = ProtocolBuffersTests;
			sourceTree = "<group>";
		};
		C75064A6B6474306DCAC1389 /* Frameworks */ = {
			isa = PBXGroup;
			children = (
				078CD8AB5EFB64134AF3A742 /* Pods_ProtocolBuffers.framework */,
				E8A39263F5B401933C6853C9 /* Pods_ProtocolBuffersTests.framework */,
			);
			name = Frameworks;
			sourceTree = "<group>";
		};
/* End PBXGroup section */

/* Begin PBXNativeTarget section */
		615838EC2306D7F00038D338 /* ProtocolBuffers */ = {
			isa = PBXNativeTarget;
			buildConfigurationList = 6158390D2306D7F10038D338 /* Build configuration list for PBXNativeTarget "ProtocolBuffers" */;
			buildPhases = (
				55A46F84D1D2D3EF4AC777C8 /* [CP] Check Pods Manifest.lock */,
				615838E92306D7F00038D338 /* Sources */,
				615838EA2306D7F00038D338 /* Frameworks */,
				615838EB2306D7F00038D338 /* Resources */,
				F2DF2C9027733378E025BC89 /* [CP] Embed Pods Frameworks */,
			);
			buildRules = (
			);
			dependencies = (
			);
			name = ProtocolBuffers;
			productName = ProtocolBuffers;
			productReference = 615838ED2306D7F00038D338 /* ProtocolBuffers.app */;
			productType = "com.apple.product-type.application";
		};
		615839032306D7F10038D338 /* ProtocolBuffersTests */ = {
			isa = PBXNativeTarget;
			buildConfigurationList = 615839102306D7F10038D338 /* Build configuration list for PBXNativeTarget "ProtocolBuffersTests" */;
			buildPhases = (
				5E674B3D596364C89A69B63D /* [CP] Check Pods Manifest.lock */,
				615839002306D7F10038D338 /* Sources */,
				615839012306D7F10038D338 /* Frameworks */,
				615839022306D7F10038D338 /* Resources */,
			);
			buildRules = (
			);
			dependencies = (
				615839062306D7F10038D338 /* PBXTargetDependency */,
			);
			name = ProtocolBuffersTests;
			productName = ProtocolBuffersTests;
			productReference = 615839042306D7F10038D338 /* ProtocolBuffersTests.xctest */;
			productType = "com.apple.product-type.bundle.unit-test";
		};
/* End PBXNativeTarget section */

/* Begin PBXProject section */
		615838E52306D7F00038D338 /* Project object */ = {
			isa = PBXProject;
			attributes = {
				LastSwiftUpdateCheck = 1020;
				LastUpgradeCheck = 1020;
				ORGANIZATIONNAME = rowkaxl;
				TargetAttributes = {
					615838EC2306D7F00038D338 = {
						CreatedOnToolsVersion = 10.2.1;
					};
					615839032306D7F10038D338 = {
						CreatedOnToolsVersion = 10.2.1;
						TestTargetID = 615838EC2306D7F00038D338;
					};
				};
			};
			buildConfigurationList = 615838E82306D7F00038D338 /* Build configuration list for PBXProject "ProtocolBuffers" */;
			compatibilityVersion = "Xcode 9.3";
			developmentRegion = en;
			hasScannedForEncodings = 0;
			knownRegions = (
				en,
				Base,
			);
			mainGroup = 615838E42306D7F00038D338;
			productRefGroup = 615838EE2306D7F00038D338 /* Products */;
			projectDirPath = "";
			projectRoot = "";
			targets = (
				615838EC2306D7F00038D338 /* ProtocolBuffers */,
				615839032306D7F10038D338 /* ProtocolBuffersTests */,
			);
		};
/* End PBXProject section */

/* Begin PBXResourcesBuildPhase section */
		615838EB2306D7F00038D338 /* Resources */ = {
			isa = PBXResourcesBuildPhase;
			buildActionMask = 2147483647;
			files = (
				615838FE2306D7F10038D338 /* LaunchScreen.storyboard in Resources */,
				615838FB2306D7F10038D338 /* Assets.xcassets in Resources */,
				615838F62306D7F00038D338 /* Main.storyboard in Resources */,
			);
			runOnlyForDeploymentPostprocessing = 0;
		};
		615839022306D7F10038D338 /* Resources */ = {
			isa = PBXResourcesBuildPhase;
			buildActionMask = 2147483647;
			files = (
			);
			runOnlyForDeploymentPostprocessing = 0;
		};
/* End PBXResourcesBuildPhase section */

/* Begin PBXShellScriptBuildPhase section */
		55A46F84D1D2D3EF4AC777C8 /* [CP] Check Pods Manifest.lock */ = {
			isa = PBXShellScriptBuildPhase;
			buildActionMask = 2147483647;
			files = (
			);
			inputFileListPaths = (
			);
			inputPaths = (
				"${PODS_PODFILE_DIR_PATH}/Podfile.lock",
				"${PODS_ROOT}/Manifest.lock",
			);
			name = "[CP] Check Pods Manifest.lock";
			outputFileListPaths = (
			);
			outputPaths = (
				"$(DERIVED_FILE_DIR)/Pods-ProtocolBuffers-checkManifestLockResult.txt",
			);
			runOnlyForDeploymentPostprocessing = 0;
			shellPath = /bin/sh;
			shellScript = "diff \"${PODS_PODFILE_DIR_PATH}/Podfile.lock\" \"${PODS_ROOT}/Manifest.lock\" > /dev/null\nif [ $? != 0 ] ; then\n    # print error to STDERR\n    echo \"error: The sandbox is not in sync with the Podfile.lock. Run 'pod install' or update your CocoaPods installation.\" >&2\n    exit 1\nfi\n# This output is used by Xcode 'outputs' to avoid re-running this script phase.\necho \"SUCCESS\" > \"${SCRIPT_OUTPUT_FILE_0}\"\n";
			showEnvVarsInLog = 0;
		};
		5E674B3D596364C89A69B63D /* [CP] Check Pods Manifest.lock */ = {
			isa = PBXShellScriptBuildPhase;
			buildActionMask = 2147483647;
			files = (
			);
			inputFileListPaths = (
			);
			inputPaths = (
				"${PODS_PODFILE_DIR_PATH}/Podfile.lock",
				"${PODS_ROOT}/Manifest.lock",
			);
			name = "[CP] Check Pods Manifest.lock";
			outputFileListPaths = (
			);
			outputPaths = (
				"$(DERIVED_FILE_DIR)/Pods-ProtocolBuffersTests-checkManifestLockResult.txt",
			);
			runOnlyForDeploymentPostprocessing = 0;
			shellPath = /bin/sh;
			shellScript = "diff \"${PODS_PODFILE_DIR_PATH}/Podfile.lock\" \"${PODS_ROOT}/Manifest.lock\" > /dev/null\nif [ $? != 0 ] ; then\n    # print error to STDERR\n    echo \"error: The sandbox is not in sync with the Podfile.lock. Run 'pod install' or update your CocoaPods installation.\" >&2\n    exit 1\nfi\n# This output is used by Xcode 'outputs' to avoid re-running this script phase.\necho \"SUCCESS\" > \"${SCRIPT_OUTPUT_FILE_0}\"\n";
			showEnvVarsInLog = 0;
		};
		F2DF2C9027733378E025BC89 /* [CP] Embed Pods Frameworks */ = {
			isa = PBXShellScriptBuildPhase;
			buildActionMask = 2147483647;
			files = (
			);
			inputFileListPaths = (
				"${PODS_ROOT}/Target Support Files/Pods-ProtocolBuffers/Pods-ProtocolBuffers-frameworks-${CONFIGURATION}-input-files.xcfilelist",
			);
			name = "[CP] Embed Pods Frameworks";
			outputFileListPaths = (
				"${PODS_ROOT}/Target Support Files/Pods-ProtocolBuffers/Pods-ProtocolBuffers-frameworks-${CONFIGURATION}-output-files.xcfilelist",
			);
			runOnlyForDeploymentPostprocessing = 0;
			shellPath = /bin/sh;
			shellScript = "\"${PODS_ROOT}/Target Support Files/Pods-ProtocolBuffers/Pods-ProtocolBuffers-frameworks.sh\"\n";
			showEnvVarsInLog = 0;
		};
/* End PBXShellScriptBuildPhase section */

/* Begin PBXSourcesBuildPhase section */
		615838E92306D7F00038D338 /* Sources */ = {
			isa = PBXSourcesBuildPhase;
			buildActionMask = 2147483647;
			files = (
				615838F92306D7F00038D338 /* ProtocolBuffers.xcdatamodeld in Sources */,
				615838F32306D7F00038D338 /* ViewController.swift in Sources */,
				615838F12306D7F00038D338 /* AppDelegate.swift in Sources */,
			);
			runOnlyForDeploymentPostprocessing = 0;
		};
		615839002306D7F10038D338 /* Sources */ = {
			isa = PBXSourcesBuildPhase;
			buildActionMask = 2147483647;
			files = (
				615839092306D7F10038D338 /* ProtocolBuffersTests.swift in Sources */,
			);
			runOnlyForDeploymentPostprocessing = 0;
		};
/* End PBXSourcesBuildPhase section */

/* Begin PBXTargetDependency section */
		615839062306D7F10038D338 /* PBXTargetDependency */ = {
			isa = PBXTargetDependency;
			target = 615838EC2306D7F00038D338 /* ProtocolBuffers */;
			targetProxy = 615839052306D7F10038D338 /* PBXContainerItemProxy */;
		};
/* End PBXTargetDependency section */

/* Begin PBXVariantGroup section */
		615838F42306D7F00038D338 /* Main.storyboard */ = {
			isa = PBXVariantGroup;
			children = (
				615838F52306D7F00038D338 /* Base */,
			);
			name = Main.storyboard;
			sourceTree = "<group>";
		};
		615838FC2306D7F10038D338 /* LaunchScreen.storyboard */ = {
			isa = PBXVariantGroup;
			children = (
				615838FD2306D7F10038D338 /* Base */,
			);
			name = LaunchScreen.storyboard;
			sourceTree = "<group>";
		};
/* End PBXVariantGroup section */

/* Begin XCBuildConfiguration section */
		6158390B2306D7F10038D338 /* Debug */ = {
			isa = XCBuildConfiguration;
			buildSettings = {
				ALWAYS_SEARCH_USER_PATHS = NO;
				CLANG_ANALYZER_NONNULL = YES;
				CLANG_ANALYZER_NUMBER_OBJECT_CONVERSION = YES_AGGRESSIVE;
				CLANG_CXX_LANGUAGE_STANDARD = "gnu++14";
				CLANG_CXX_LIBRARY = "libc++";
				CLANG_ENABLE_MODULES = YES;
				CLANG_ENABLE_OBJC_ARC = YES;
				CLANG_ENABLE_OBJC_WEAK = YES;
				CLANG_WARN_BLOCK_CAPTURE_AUTORELEASING = YES;
				CLANG_WARN_BOOL_CONVERSION = YES;
				CLANG_WARN_COMMA = YES;
				CLANG_WARN_CONSTANT_CONVERSION = YES;
				CLANG_WARN_DEPRECATED_OBJC_IMPLEMENTATIONS = YES;
				CLANG_WARN_DIRECT_OBJC_ISA_USAGE = YES_ERROR;
				CLANG_WARN_DOCUMENTATION_COMMENTS = YES;
				CLANG_WARN_EMPTY_BODY = YES;
				CLANG_WARN_ENUM_CONVERSION = YES;
				CLANG_WARN_INFINITE_RECURSION = YES;
				CLANG_WARN_INT_CONVERSION = YES;
				CLANG_WARN_NON_LITERAL_NULL_CONVERSION = YES;
				CLANG_WARN_OBJC_IMPLICIT_RETAIN_SELF = YES;
				CLANG_WARN_OBJC_LITERAL_CONVERSION = YES;
				CLANG_WARN_OBJC_ROOT_CLASS = YES_ERROR;
				CLANG_WARN_RANGE_LOOP_ANALYSIS = YES;
				CLANG_WARN_STRICT_PROTOTYPES = YES;
				CLANG_WARN_SUSPICIOUS_MOVE = YES;
				CLANG_WARN_UNGUARDED_AVAILABILITY = YES_AGGRESSIVE;
				CLANG_WARN_UNREACHABLE_CODE = YES;
				CLANG_WARN__DUPLICATE_METHOD_MATCH = YES;
				CODE_SIGN_IDENTITY = "iPhone Developer";
				COPY_PHASE_STRIP = NO;
				DEBUG_INFORMATION_FORMAT = dwarf;
				ENABLE_STRICT_OBJC_MSGSEND = YES;
				ENABLE_TESTABILITY = YES;
				GCC_C_LANGUAGE_STANDARD = gnu11;
				GCC_DYNAMIC_NO_PIC = NO;
				GCC_NO_COMMON_BLOCKS = YES;
				GCC_OPTIMIZATION_LEVEL = 0;
				GCC_PREPROCESSOR_DEFINITIONS = (
					"DEBUG=1",
					"$(inherited)",
				);
				GCC_WARN_64_TO_32_BIT_CONVERSION = YES;
				GCC_WARN_ABOUT_RETURN_TYPE = YES_ERROR;
				GCC_WARN_UNDECLARED_SELECTOR = YES;
				GCC_WARN_UNINITIALIZED_AUTOS = YES_AGGRESSIVE;
				GCC_WARN_UNUSED_FUNCTION = YES;
				GCC_WARN_UNUSED_VARIABLE = YES;
				IPHONEOS_DEPLOYMENT_TARGET = 12.2;
				MTL_ENABLE_DEBUG_INFO = INCLUDE_SOURCE;
				MTL_FAST_MATH = YES;
				ONLY_ACTIVE_ARCH = YES;
				SDKROOT = iphoneos;
				SWIFT_ACTIVE_COMPILATION_CONDITIONS = DEBUG;
				SWIFT_OPTIMIZATION_LEVEL = "-Onone";
			};
			name = Debug;
		};
		6158390C2306D7F10038D338 /* Release */ = {
			isa = XCBuildConfiguration;
			buildSettings = {
				ALWAYS_SEARCH_USER_PATHS = NO;
				CLANG_ANALYZER_NONNULL = YES;
				CLANG_ANALYZER_NUMBER_OBJECT_CONVERSION = YES_AGGRESSIVE;
				CLANG_CXX_LANGUAGE_STANDARD = "gnu++14";
				CLANG_CXX_LIBRARY = "libc++";
				CLANG_ENABLE_MODULES = YES;
				CLANG_ENABLE_OBJC_ARC = YES;
				CLANG_ENABLE_OBJC_WEAK = YES;
				CLANG_WARN_BLOCK_CAPTURE_AUTORELEASING = YES;
				CLANG_WARN_BOOL_CONVERSION = YES;
				CLANG_WARN_COMMA = YES;
				CLANG_WARN_CONSTANT_CONVERSION = YES;
				CLANG_WARN_DEPRECATED_OBJC_IMPLEMENTATIONS = YES;
				CLANG_WARN_DIRECT_OBJC_ISA_USAGE = YES_ERROR;
				CLANG_WARN_DOCUMENTATION_COMMENTS = YES;
				CLANG_WARN_EMPTY_BODY = YES;
				CLANG_WARN_ENUM_CONVERSION = YES;
				CLANG_WARN_INFINITE_RECURSION = YES;
				CLANG_WARN_INT_CONVERSION = YES;
				CLANG_WARN_NON_LITERAL_NULL_CONVERSION = YES;
				CLANG_WARN_OBJC_IMPLICIT_RETAIN_SELF = YES;
				CLANG_WARN_OBJC_LITERAL_CONVERSION = YES;
				CLANG_WARN_OBJC_ROOT_CLASS = YES_ERROR;
				CLANG_WARN_RANGE_LOOP_ANALYSIS = YES;
				CLANG_WARN_STRICT_PROTOTYPES = YES;
				CLANG_WARN_SUSPICIOUS_MOVE = YES;
				CLANG_WARN_UNGUARDED_AVAILABILITY = YES_AGGRESSIVE;
				CLANG_WARN_UNREACHABLE_CODE = YES;
				CLANG_WARN__DUPLICATE_METHOD_MATCH = YES;
				CODE_SIGN_IDENTITY = "iPhone Developer";
				COPY_PHASE_STRIP = NO;
				DEBUG_INFORMATION_FORMAT = "dwarf-with-dsym";
				ENABLE_NS_ASSERTIONS = NO;
				ENABLE_STRICT_OBJC_MSGSEND = YES;
				GCC_C_LANGUAGE_STANDARD = gnu11;
				GCC_NO_COMMON_BLOCKS = YES;
				GCC_WARN_64_TO_32_BIT_CONVERSION = YES;
				GCC_WARN_ABOUT_RETURN_TYPE = YES_ERROR;
				GCC_WARN_UNDECLARED_SELECTOR = YES;
				GCC_WARN_UNINITIALIZED_AUTOS = YES_AGGRESSIVE;
				GCC_WARN_UNUSED_FUNCTION = YES;
				GCC_WARN_UNUSED_VARIABLE = YES;
				IPHONEOS_DEPLOYMENT_TARGET = 12.2;
				MTL_ENABLE_DEBUG_INFO = NO;
				MTL_FAST_MATH = YES;
				SDKROOT = iphoneos;
				SWIFT_COMPILATION_MODE = wholemodule;
				SWIFT_OPTIMIZATION_LEVEL = "-O";
				VALIDATE_PRODUCT = YES;
			};
			name = Release;
		};
		6158390E2306D7F10038D338 /* Debug */ = {
			isa = XCBuildConfiguration;
			baseConfigurationReference = 59584200D625A78328DEB962 /* Pods-ProtocolBuffers.debug.xcconfig */;
			buildSettings = {
				ASSETCATALOG_COMPILER_APPICON_NAME = AppIcon;
				CODE_SIGN_STYLE = Automatic;
				DEVELOPMENT_TEAM = R5RFEZ8DV2;
				INFOPLIST_FILE = ProtocolBuffers/Info.plist;
				IPHONEOS_DEPLOYMENT_TARGET = 10.0;
				LD_RUNPATH_SEARCH_PATHS = (
					"$(inherited)",
					"@executable_path/Frameworks",
				);
				PRODUCT_BUNDLE_IDENTIFIER = rowkaxl.ProtocolBuffers;
				PRODUCT_NAME = "$(TARGET_NAME)";
				SWIFT_VERSION = 5.0;
				TARGETED_DEVICE_FAMILY = "1,2";
			};
			name = Debug;
		};
		6158390F2306D7F10038D338 /* Release */ = {
			isa = XCBuildConfiguration;
			baseConfigurationReference = 0237690A8CB836D279D41D1A /* Pods-ProtocolBuffers.release.xcconfig */;
			buildSettings = {
				ASSETCATALOG_COMPILER_APPICON_NAME = AppIcon;
				CODE_SIGN_STYLE = Automatic;
				DEVELOPMENT_TEAM = R5RFEZ8DV2;
				INFOPLIST_FILE = ProtocolBuffers/Info.plist;
				IPHONEOS_DEPLOYMENT_TARGET = 10.0;
				LD_RUNPATH_SEARCH_PATHS = (
					"$(inherited)",
					"@executable_path/Frameworks",
				);
				PRODUCT_BUNDLE_IDENTIFIER = rowkaxl.ProtocolBuffers;
				PRODUCT_NAME = "$(TARGET_NAME)";
				SWIFT_VERSION = 5.0;
				TARGETED_DEVICE_FAMILY = "1,2";
			};
			name = Release;
		};
		615839112306D7F10038D338 /* Debug */ = {
			isa = XCBuildConfiguration;
			baseConfigurationReference = D62A6B7AEC6D568297731BA9 /* Pods-ProtocolBuffersTests.debug.xcconfig */;
			buildSettings = {
				ALWAYS_EMBED_SWIFT_STANDARD_LIBRARIES = YES;
				BUNDLE_LOADER = "$(TEST_HOST)";
				CODE_SIGN_STYLE = Automatic;
				DEVELOPMENT_TEAM = R5RFEZ8DV2;
				INFOPLIST_FILE = ProtocolBuffersTests/Info.plist;
				LD_RUNPATH_SEARCH_PATHS = (
					"$(inherited)",
					"@executable_path/Frameworks",
					"@loader_path/Frameworks",
				);
				PRODUCT_BUNDLE_IDENTIFIER = rowkaxl.ProtocolBuffersTests;
				PRODUCT_NAME = "$(TARGET_NAME)";
				SWIFT_VERSION = 5.0;
				TARGETED_DEVICE_FAMILY = "1,2";
				TEST_HOST = "$(BUILT_PRODUCTS_DIR)/ProtocolBuffers.app/ProtocolBuffers";
			};
			name = Debug;
		};
		615839122306D7F10038D338 /* Release */ = {
			isa = XCBuildConfiguration;
			baseConfigurationReference = 78636A55B7675698EE5F7672 /* Pods-ProtocolBuffersTests.release.xcconfig */;
			buildSettings = {
				ALWAYS_EMBED_SWIFT_STANDARD_LIBRARIES = YES;
				BUNDLE_LOADER = "$(TEST_HOST)";
				CODE_SIGN_STYLE = Automatic;
				DEVELOPMENT_TEAM = R5RFEZ8DV2;
				INFOPLIST_FILE = ProtocolBuffersTests/Info.plist;
				LD_RUNPATH_SEARCH_PATHS = (
					"$(inherited)",
					"@executable_path/Frameworks",
					"@loader_path/Frameworks",
				);
				PRODUCT_BUNDLE_IDENTIFIER = rowkaxl.ProtocolBuffersTests;
				PRODUCT_NAME = "$(TARGET_NAME)";
				SWIFT_VERSION = 5.0;
				TARGETED_DEVICE_FAMILY = "1,2";
				TEST_HOST = "$(BUILT_PRODUCTS_DIR)/ProtocolBuffers.app/ProtocolBuffers";
			};
			name = Release;
		};
/* End XCBuildConfiguration section */

/* Begin XCConfigurationList section */
		615838E82306D7F00038D338 /* Build configuration list for PBXProject "ProtocolBuffers" */ = {
			isa = XCConfigurationList;
			buildConfigurations = (
				6158390B2306D7F10038D338 /* Debug */,
				6158390C2306D7F10038D338 /* Release */,
			);
			defaultConfigurationIsVisible = 0;
			defaultConfigurationName = Release;
		};
		6158390D2306D7F10038D338 /* Build configuration list for PBXNativeTarget "ProtocolBuffers" */ = {
			isa = XCConfigurationList;
			buildConfigurations = (
				6158390E2306D7F10038D338 /* Debug */,
				6158390F2306D7F10038D338 /* Release */,
			);
			defaultConfigurationIsVisible = 0;
			defaultConfigurationName = Release;
		};
		615839102306D7F10038D338 /* Build configuration list for PBXNativeTarget "ProtocolBuffersTests" */ = {
			isa = XCConfigurationList;
			buildConfigurations = (
				615839112306D7F10038D338 /* Debug */,
				615839122306D7F10038D338 /* Release */,
			);
			defaultConfigurationIsVisible = 0;
			defaultConfigurationName = Release;
		};
/* End XCConfigurationList section */

/* Begin XCVersionGroup section */
		615838F72306D7F00038D338 /* ProtocolBuffers.xcdatamodeld */ = {
			isa = XCVersionGroup;
			children = (
				615838F82306D7F00038D338 /* ProtocolBuffers.xcdatamodel */,
			);
			currentVersion = 615838F82306D7F00038D338 /* ProtocolBuffers.xcdatamodel */;
			path = ProtocolBuffers.xcdatamodeld;
			sourceTree = "<group>";
			versionGroupType = wrapper.xcdatamodel;
		};
/* End XCVersionGroup section */
	};
	rootObject = 615838E52306D7F00038D338 /* Project object */;
}
